
Microsoft Visual Studio Solution File, Format Version 12.00
# Visual Studio Express 2012 for Windows Desktop
Project("{FAE04EC0-301F-11D3-BF4B-00C04F79EFBC}") = "MineSweeperLogic", "MineSweeperLogic\MineSweeperLogic.csproj", "{4B198921-9AAE-48E8-9037-4521583BE812}"
EndProject
Project("{FAE04EC0-301F-11D3-BF4B-00C04F79EFBC}") = "MineSweeperUnitTests", "UnitTestProject1\MineSweeperUnitTests.csproj", "{4A95FF44-482C-423B-90D7-94427ED0F9F9}"
EndProject
Global
	GlobalSection(SolutionConfigurationPlatforms) = preSolution
		Debug|Any CPU = Debug|Any CPU
		Release|Any CPU = Release|Any CPU
	EndGlobalSection
	GlobalSection(ProjectConfigurationPlatforms) = postSolution
		{4B198921-9AAE-48E8-9037-4521583BE812}.Debug|Any CPU.ActiveCfg = Debug|Any CPU
		{4B198921-9AAE-48E8-9037-4521583BE812}.Debug|Any CPU.Build.0 = Debug|Any CPU
		{4B198921-9AAE-48E8-9037-4521583BE812}.Release|Any CPU.ActiveCfg = Release|Any CPU
		{4B198921-9AAE-48E8-9037-4521583BE812}.Release|Any CPU.Build.0 = Release|Any CPU
		{4A95FF44-482C-423B-90D7-94427ED0F9F9}.Debug|Any CPU.ActiveCfg = Debug|Any CPU
		{4A95FF44-482C-423B-90D7-94427ED0F9F9}.Debug|Any CPU.Build.0 = Debug|Any CPU
		{4A95FF44-482C-423B-90D7-94427ED0F9F9}.Release|Any CPU.ActiveCfg = Release|Any CPU
		{4A95FF44-482C-423B-90D7-94427ED0F9F9}.Release|Any CPU.Build.0 = Release|Any CPU
	EndGlobalSection
	GlobalSection(SolutionProperties) = preSolution
		HideSolutionNode = FALSE
	EndGlobalSection
EndGlobal
